
Microsoft Visual Studio Solution File, Format Version 12.00
# Visual Studio Version 17
VisualStudioVersion = 17.4.33205.214
MinimumVisualStudioVersion = 10.0.40219.1
Project("{FAE04EC0-301F-11D3-BF4B-00C04F79EFBC}") = "CoffeeBookWeb", "CoffeeBookWeb\CoffeeBookWeb.csproj", "{47B78E0F-EB12-4733-A094-6D1503718838}"
EndProject
Global
	GlobalSection(SolutionConfigurationPlatforms) = preSolution
		Debug|Any CPU = Debug|Any CPU
		Release|Any CPU = Release|Any CPU
	EndGlobalSection
	GlobalSection(ProjectConfigurationPlatforms) = postSolution
		{47B78E0F-EB12-4733-A094-6D1503718838}.Debug|Any CPU.ActiveCfg = Debug|Any CPU
		{47B78E0F-EB12-4733-A094-6D1503718838}.Debug|Any CPU.Build.0 = Debug|Any CPU
		{47B78E0F-EB12-4733-A094-6D1503718838}.Release|Any CPU.ActiveCfg = Release|Any CPU
		{47B78E0F-EB12-4733-A094-6D1503718838}.Release|Any CPU.Build.0 = Release|Any CPU
	EndGlobalSection
	GlobalSection(SolutionProperties) = preSolution
		HideSolutionNode = FALSE
	EndGlobalSection
	GlobalSection(ExtensibilityGlobals) = postSolution
		SolutionGuid = {D95AFBC7-5267-415E-A600-74101583BB84}
	EndGlobalSection
EndGlobal
